// !$*UTF8*$!
{
	archiveVersion = 1;
	classes = {
	};
	objectVersion = 46;
	objects = {

/* Begin PBXBuildFile section */
		4CCE93101942500F0071A8E4 /* AppDelegate.swift in Sources */ = {isa = PBXBuildFile; fileRef = 4CCE930F1942500F0071A8E4 /* AppDelegate.swift */; };
		4CCE93121942500F0071A8E4 /* ViewController.swift in Sources */ = {isa = PBXBuildFile; fileRef = 4CCE93111942500F0071A8E4 /* ViewController.swift */; };
		4CCE93151942500F0071A8E4 /* Main.storyboard in Resources */ = {isa = PBXBuildFile; fileRef = 4CCE93131942500F0071A8E4 /* Main.storyboard */; };
		4CCE93171942500F0071A8E4 /* Images.xcassets in Resources */ = {isa = PBXBuildFile; fileRef = 4CCE93161942500F0071A8E4 /* Images.xcassets */; };
		4CCE93231942500F0071A8E4 /* Hello_World_TutorialTests.swift in Sources */ = {isa = PBXBuildFile; fileRef = 4CCE93221942500F0071A8E4 /* Hello_World_TutorialTests.swift */; };
/* End PBXBuildFile section */

/* Begin PBXContainerItemProxy section */
		4CCE931D1942500F0071A8E4 /* PBXContainerItemProxy */ = {
			isa = PBXContainerItemProxy;
			containerPortal = 4CCE93021942500F0071A8E4 /* Project object */;
			proxyType = 1;
			remoteGlobalIDString = 4CCE93091942500F0071A8E4;
			remoteInfo = "Hello World Tutorial";
		};
/* End PBXContainerItemProxy section */

/* Begin PBXFileReference section */
		4CCE930A1942500F0071A8E4 /* Hello World Tutorial.app */ = {isa = PBXFileReference; explicitFileType = wrapper.application; includeInIndex = 0; path = "Hello World Tutorial.app"; sourceTree = BUILT_PRODUCTS_DIR; };
		4CCE930E1942500F0071A8E4 /* Info.plist */ = {isa = PBXFileReference; lastKnownFileType = text.plist.xml; path = Info.plist; sourceTree = "<group>"; };
		4CCE930F1942500F0071A8E4 /* AppDelegate.swift */ = {isa = PBXFileReference; lastKnownFileType = sourcecode.swift; path = AppDelegate.swift; sourceTree = "<group>"; };
		4CCE93111942500F0071A8E4 /* ViewController.swift */ = {isa = PBXFileReference; lastKnownFileType = sourcecode.swift; path = ViewController.swift; sourceTree = "<group>"; };
		4CCE93141942500F0071A8E4 /* Base */ = {isa = PBXFileReference; lastKnownFileType = file.storyboard; name = Base; path = Base.lproj/Main.storyboard; sourceTree = "<group>"; };
		4CCE93161942500F0071A8E4 /* Images.xcassets */ = {isa = PBXFileReference; lastKnownFileType = folder.assetcatalog; path = Images.xcassets; sourceTree = "<group>"; };
		4CCE931C1942500F0071A8E4 /* Hello World TutorialTests.xctest */ = {isa = PBXFileReference; explicitFileType = wrapper.cfbundle; includeInIndex = 0; path = "Hello World TutorialTests.xctest"; sourceTree = BUILT_PRODUCTS_DIR; };
		4CCE93211942500F0071A8E4 /* Info.plist */ = {isa = PBXFileReference; lastKnownFileType = text.plist.xml; path = Info.plist; sourceTree = "<group>"; };
		4CCE93221942500F0071A8E4 /* Hello_World_TutorialTests.swift */ = {isa = PBXFileReference; lastKnownFileType = sourcecode.swift; path = Hello_World_TutorialTests.swift; sourceTree = "<group>"; };
/* End PBXFileReference section */

/* Begin PBXFrameworksBuildPhase section */
		4CCE93071942500F0071A8E4 /* Frameworks */ = {
			isa = PBXFrameworksBuildPhase;
			buildActionMask = 2147483647;
			files = (
			);
			runOnlyForDeploymentPostprocessing = 0;
		};
		4CCE93191942500F0071A8E4 /* Frameworks */ = {
			isa = PBXFrameworksBuildPhase;
			buildActionMask = 2147483647;
			files = (
			);
			runOnlyForDeploymentPostprocessing = 0;
		};
/* End PBXFrameworksBuildPhase section */

/* Begin PBXGroup section */
		4CCE93011942500F0071A8E4 = {
			isa = PBXGroup;
			children = (
				4CCE930C1942500F0071A8E4 /* Hello World Tutorial */,
				4CCE931F1942500F0071A8E4 /* Hello World TutorialTests */,
				4CCE930B1942500F0071A8E4 /* Products */,
			);
			sourceTree = "<group>";
		};
		4CCE930B1942500F0071A8E4 /* Products */ = {
			isa = PBXGroup;
			children = (
				4CCE930A1942500F0071A8E4 /* Hello World Tutorial.app */,
				4CCE931C1942500F0071A8E4 /* Hello World TutorialTests.xctest */,
			);
			name = Products;
			sourceTree = "<group>";
		};
		4CCE930C1942500F0071A8E4 /* Hello World Tutorial */ = {
			isa = PBXGroup;
			children = (
				4CCE930F1942500F0071A8E4 /* AppDelegate.swift */,
				4CCE93111942500F0071A8E4 /* ViewController.swift */,
				4CCE93131942500F0071A8E4 /* Main.storyboard */,
				4CCE93161942500F0071A8E4 /* Images.xcassets */,
				4CCE930D1942500F0071A8E4 /* Supporting Files */,
			);
			path = "Hello World Tutorial";
			sourceTree = "<group>";
		};
		4CCE930D1942500F0071A8E4 /* Supporting Files */ = {
			isa = PBXGroup;
			children = (
				4CCE930E1942500F0071A8E4 /* Info.plist */,
			);
			name = "Supporting Files";
			sourceTree = "<group>";
		};
		4CCE931F1942500F0071A8E4 /* Hello World TutorialTests */ = {
			isa = PBXGroup;
			children = (
				4CCE93221942500F0071A8E4 /* Hello_World_TutorialTests.swift */,
				4CCE93201942500F0071A8E4 /* Supporting Files */,
			);
			path = "Hello World TutorialTests";
			sourceTree = "<group>";
		};
		4CCE93201942500F0071A8E4 /* Supporting Files */ = {
			isa = PBXGroup;
			children = (
				4CCE93211942500F0071A8E4 /* Info.plist */,
			);
			name = "Supporting Files";
			sourceTree = "<group>";
		};
/* End PBXGroup section */

/* Begin PBXNativeTarget section */
		4CCE93091942500F0071A8E4 /* Hello World Tutorial */ = {
			isa = PBXNativeTarget;
			buildConfigurationList = 4CCE93261942500F0071A8E4 /* Build configuration list for PBXNativeTarget "Hello World Tutorial" */;
			buildPhases = (
				4CCE93061942500F0071A8E4 /* Sources */,
				4CCE93071942500F0071A8E4 /* Frameworks */,
				4CCE93081942500F0071A8E4 /* Resources */,
			);
			buildRules = (
			);
			dependencies = (
			);
			name = "Hello World Tutorial";
			productName = "Hello World Tutorial";
			productReference = 4CCE930A1942500F0071A8E4 /* Hello World Tutorial.app */;
			productType = "com.apple.product-type.application";
		};
		4CCE931B1942500F0071A8E4 /* Hello World TutorialTests */ = {
			isa = PBXNativeTarget;
			buildConfigurationList = 4CCE93291942500F0071A8E4 /* Build configuration list for PBXNativeTarget "Hello World TutorialTests" */;
			buildPhases = (
				4CCE93181942500F0071A8E4 /* Sources */,
				4CCE93191942500F0071A8E4 /* Frameworks */,
				4CCE931A1942500F0071A8E4 /* Resources */,
			);
			buildRules = (
			);
			dependencies = (
				4CCE931E1942500F0071A8E4 /* PBXTargetDependency */,
			);
			name = "Hello World TutorialTests";
			productName = "Hello World TutorialTests";
			productReference = 4CCE931C1942500F0071A8E4 /* Hello World TutorialTests.xctest */;
			productType = "com.apple.product-type.bundle.unit-test";
		};
/* End PBXNativeTarget section */

/* Begin PBXProject section */
		4CCE93021942500F0071A8E4 /* Project object */ = {
			isa = PBXProject;
			attributes = {
				LastUpgradeCheck = 0600;
				ORGANIZATIONNAME = "Michael Fürstenberg";
				TargetAttributes = {
					4CCE93091942500F0071A8E4 = {
						CreatedOnToolsVersion = 6.0;
					};
					4CCE931B1942500F0071A8E4 = {
						CreatedOnToolsVersion = 6.0;
						TestTargetID = 4CCE93091942500F0071A8E4;
					};
				};
			};
			buildConfigurationList = 4CCE93051942500F0071A8E4 /* Build configuration list for PBXProject "Hello World Tutorial" */;
			compatibilityVersion = "Xcode 3.2";
			developmentRegion = English;
			hasScannedForEncodings = 0;
			knownRegions = (
				en,
				Base,
			);
			mainGroup = 4CCE93011942500F0071A8E4;
			productRefGroup = 4CCE930B1942500F0071A8E4 /* Products */;
			projectDirPath = "";
			projectRoot = "";
			targets = (
				4CCE93091942500F0071A8E4 /* Hello World Tutorial */,
				4CCE931B1942500F0071A8E4 /* Hello World TutorialTests */,
			);
		};
/* End PBXProject section */

/* Begin PBXResourcesBuildPhase section */
		4CCE93081942500F0071A8E4 /* Resources */ = {
			isa = PBXResourcesBuildPhase;
			buildActionMask = 2147483647;
			files = (
				4CCE93151942500F0071A8E4 /* Main.storyboard in Resources */,
				4CCE93171942500F0071A8E4 /* Images.xcassets in Resources */,
			);
			runOnlyForDeploymentPostprocessing = 0;
		};
		4CCE931A1942500F0071A8E4 /* Resources */ = {
			isa = PBXResourcesBuildPhase;
			buildActionMask = 2147483647;
			files = (
			);
			runOnlyForDeploymentPostprocessing = 0;
		};
/* End PBXResourcesBuildPhase section */

/* Begin PBXSourcesBuildPhase section */
		4CCE93061942500F0071A8E4 /* Sources */ = {
			isa = PBXSourcesBuildPhase;
			buildActionMask = 2147483647;
			files = (
				4CCE93121942500F0071A8E4 /* ViewController.swift in Sources */,
				4CCE93101942500F0071A8E4 /* AppDelegate.swift in Sources */,
			);
			runOnlyForDeploymentPostprocessing = 0;
		};
		4CCE93181942500F0071A8E4 /* Sources */ = {
			isa = PBXSourcesBuildPhase;
			buildActionMask = 2147483647;
			files = (
				4CCE93231942500F0071A8E4 /* Hello_World_TutorialTests.swift in Sources */,
			);
			runOnlyForDeploymentPostprocessing = 0;
		};
/* End PBXSourcesBuildPhase section */

/* Begin PBXTargetDependency section */
		4CCE931E1942500F0071A8E4 /* PBXTargetDependency */ = {
			isa = PBXTargetDependency;
			target = 4CCE93091942500F0071A8E4 /* Hello World Tutorial */;
			targetProxy = 4CCE931D1942500F0071A8E4 /* PBXContainerItemProxy */;
		};
/* End PBXTargetDependency section */

/* Begin PBXVariantGroup section */
		4CCE93131942500F0071A8E4 /* Main.storyboard */ = {
			isa = PBXVariantGroup;
			children = (
				4CCE93141942500F0071A8E4 /* Base */,
			);
			name = Main.storyboard;
			sourceTree = "<group>";
		};
/* End PBXVariantGroup section */

/* Begin XCBuildConfiguration section */
		4CCE93241942500F0071A8E4 /* Debug */ = {
			isa = XCBuildConfiguration;
			buildSettings = {
				ALWAYS_SEARCH_USER_PATHS = NO;
				CLANG_CXX_LANGUAGE_STANDARD = "gnu++0x";
				CLANG_CXX_LIBRARY = "libc++";
				CLANG_ENABLE_MODULES = YES;
				CLANG_ENABLE_OBJC_ARC = YES;
				CLANG_WARN_BOOL_CONVERSION = YES;
				CLANG_WARN_CONSTANT_CONVERSION = YES;
				CLANG_WARN_DIRECT_OBJC_ISA_USAGE = YES_ERROR;
				CLANG_WARN_EMPTY_BODY = YES;
				CLANG_WARN_ENUM_CONVERSION = YES;
				CLANG_WARN_INT_CONVERSION = YES;
				CLANG_WARN_OBJC_ROOT_CLASS = YES_ERROR;
				CLANG_WARN_UNREACHABLE_CODE = YES;
				CLANG_WARN__DUPLICATE_METHOD_MATCH = YES;
				"CODE_SIGN_IDENTITY[sdk=iphoneos*]" = "iPhone Developer";
				COPY_PHASE_STRIP = NO;
				ENABLE_STRICT_OBJC_MSGSEND = YES;
				GCC_C_LANGUAGE_STANDARD = gnu99;
				GCC_DYNAMIC_NO_PIC = NO;
				GCC_OPTIMIZATION_LEVEL = 0;
				GCC_PREPROCESSOR_DEFINITIONS = (
					"DEBUG=1",
					"$(inherited)",
				);
				GCC_SYMBOLS_PRIVATE_EXTERN = NO;
				GCC_WARN_64_TO_32_BIT_CONVERSION = YES;
				GCC_WARN_ABOUT_RETURN_TYPE = YES_ERROR;
				GCC_WARN_UNDECLARED_SELECTOR = YES;
				GCC_WARN_UNINITIALIZED_AUTOS = YES_AGGRESSIVE;
				GCC_WARN_UNUSED_FUNCTION = YES;
				GCC_WARN_UNUSED_VARIABLE = YES;
				IPHONEOS_DEPLOYMENT_TARGET = 8.0;
				METAL_ENABLE_DEBUG_INFO = YES;
				ONLY_ACTIVE_ARCH = YES;
				SDKROOT = iphoneos;
				SWIFT_OPTIMIZATION_LEVEL = "-Onone";
			};
			name = Debug;
		};
		4CCE93251942500F0071A8E4 /* Release */ = {
			isa = XCBuildConfiguration;
			buildSettings = {
				ALWAYS_SEARCH_USER_PATHS = NO;
				CLANG_CXX_LANGUAGE_STANDARD = "gnu++0x";
				CLANG_CXX_LIBRARY = "libc++";
				CLANG_ENABLE_MODULES = YES;
				CLANG_ENABLE_OBJC_ARC = YES;
				CLANG_WARN_BOOL_CONVERSION = YES;
				CLANG_WARN_CONSTANT_CONVERSION = YES;
				CLANG_WARN_DIRECT_OBJC_ISA_USAGE = YES_ERROR;
				CLANG_WARN_EMPTY_BODY = YES;
				CLANG_WARN_ENUM_CONVERSION = YES;
				CLANG_WARN_INT_CONVERSION = YES;
				CLANG_WARN_OBJC_ROOT_CLASS = YES_ERROR;
				CLANG_WARN_UNREACHABLE_CODE = YES;
				CLANG_WARN__DUPLICATE_METHOD_MATCH = YES;
				"CODE_SIGN_IDENTITY[sdk=iphoneos*]" = "iPhone Developer";
				COPY_PHASE_STRIP = YES;
				ENABLE_NS_ASSERTIONS = NO;
				ENABLE_STRICT_OBJC_MSGSEND = YES;
				GCC_C_LANGUAGE_STANDARD = gnu99;
				GCC_WARN_64_TO_32_BIT_CONVERSION = YES;
				GCC_WARN_ABOUT_RETURN_TYPE = YES_ERROR;
				GCC_WARN_UNDECLARED_SELECTOR = YES;
				GCC_WARN_UNINITIALIZED_AUTOS = YES_AGGRESSIVE;
				GCC_WARN_UNUSED_FUNCTION = YES;
				GCC_WARN_UNUSED_VARIABLE = YES;
				IPHONEOS_DEPLOYMENT_TARGET = 8.0;
				METAL_ENABLE_DEBUG_INFO = NO;
				SDKROOT = iphoneos;
				VALIDATE_PRODUCT = YES;
			};
			name = Release;
		};
		4CCE93271942500F0071A8E4 /* Debug */ = {
			isa = XCBuildConfiguration;
			buildSettings = {
				ASSETCATALOG_COMPILER_APPICON_NAME = AppIcon;
				ASSETCATALOG_COMPILER_LAUNCHIMAGE_NAME = LaunchImage;
				CODE_SIGN_IDENTITY = "iPhone Developer";
				INFOPLIST_FILE = "Hello World Tutorial/Info.plist";
				LD_RUNPATH_SEARCH_PATHS = "$(inherited) @executable_path/Frameworks";
				PRODUCT_NAME = "$(TARGET_NAME)";
			};
			name = Debug;
		};
		4CCE93281942500F0071A8E4 /* Release */ = {
			isa = XCBuildConfiguration;
			buildSettings = {
				ASSETCATALOG_COMPILER_APPICON_NAME = AppIcon;
				ASSETCATALOG_COMPILER_LAUNCHIMAGE_NAME = LaunchImage;
				CODE_SIGN_IDENTITY = "iPhone Developer";
				INFOPLIST_FILE = "Hello World Tutorial/Info.plist";
				LD_RUNPATH_SEARCH_PATHS = "$(inherited) @executable_path/Frameworks";
				PRODUCT_NAME = "$(TARGET_NAME)";
			};
			name = Release;
		};
		4CCE932A1942500F0071A8E4 /* Debug */ = {
			isa = XCBuildConfiguration;
			buildSettings = {
				BUNDLE_LOADER = "$(BUILT_PRODUCTS_DIR)/Hello World Tutorial.app/Hello World Tutorial";
				FRAMEWORK_SEARCH_PATHS = (
					"$(SDKROOT)/Developer/Library/Frameworks",
					"$(inherited)",
				);
				GCC_PREPROCESSOR_DEFINITIONS = (
					"DEBUG=1",
					"$(inherited)",
				);
				INFOPLIST_FILE = "Hello World TutorialTests/Info.plist";
				LD_RUNPATH_SEARCH_PATHS = "$(inherited) @executable_path/Frameworks @loader_path/Frameworks";
				METAL_ENABLE_DEBUG_INFO = YES;
				PRODUCT_NAME = "$(TARGET_NAME)";
				TEST_HOST = "$(BUNDLE_LOADER)";
			};
			name = Debug;
		};
		4CCE932B1942500F0071A8E4 /* Release */ = {
			isa = XCBuildConfiguration;
			buildSettings = {
				BUNDLE_LOADER = "$(BUILT_PRODUCTS_DIR)/Hello World Tutorial.app/Hello World Tutorial";
				FRAMEWORK_SEARCH_PATHS = (
					"$(SDKROOT)/Developer/Library/Frameworks",
					"$(inherited)",
				);
				INFOPLIST_FILE = "Hello World TutorialTests/Info.plist";
				LD_RUNPATH_SEARCH_PATHS = "$(inherited) @executable_path/Frameworks @loader_path/Frameworks";
				METAL_ENABLE_DEBUG_INFO = NO;
				PRODUCT_NAME = "$(TARGET_NAME)";
				TEST_HOST = "$(BUNDLE_LOADER)";
			};
			name = Release;
		};
/* End XCBuildConfiguration section */

/* Begin XCConfigurationList section */
		4CCE93051942500F0071A8E4 /* Build configuration list for PBXProject "Hello World Tutorial" */ = {
			isa = XCConfigurationList;
			buildConfigurations = (
				4CCE93241942500F0071A8E4 /* Debug */,
				4CCE93251942500F0071A8E4 /* Release */,
			);
			defaultConfigurationIsVisible = 0;
			defaultConfigurationName = Release;
		};
		4CCE93261942500F0071A8E4 /* Build configuration list for PBXNativeTarget "Hello World Tutorial" */ = {
			isa = XCConfigurationList;
			buildConfigurations = (
				4CCE93271942500F0071A8E4 /* Debug */,
				4CCE93281942500F0071A8E4 /* Release */,
			);
			defaultConfigurationIsVisible = 0;
		};
		4CCE93291942500F0071A8E4 /* Build configuration list for PBXNativeTarget "Hello World TutorialTests" */ = {
			isa = XCConfigurationList;
			buildConfigurations = (
				4CCE932A1942500F0071A8E4 /* Debug */,
				4CCE932B1942500F0071A8E4 /* Release */,
			);
			defaultConfigurationIsVisible = 0;
		};
/* End XCConfigurationList section */
	};
	rootObject = 4CCE93021942500F0071A8E4 /* Project object */;
}
